# THIS IS AN AUTOGENERATED FILE. DO NOT EDIT THIS FILE DIRECTLY.
# yarn lockfile v1


"@types/node@^14.0.11":
  version "14.0.11"
  resolved "https://registry.npm.taobao.org/@types/node/download/@types/node-14.0.11.tgz#61d4886e2424da73b7b25547f59fdcb534c165a3"
  integrity sha1-YdSIbiQk2nO3slVH9Z/ctTTBZaM=

bencode@^1.0.0:
  version "1.0.0"
  resolved "https://registry.npm.taobao.org/bencode/download/bencode-1.0.0.tgz#0b83aea885b3547b579ada0c6a5e7739fe4d073e"
  integrity sha1-C4OuqIWzVHtXmtoMal53Of5NBz4=
  dependencies:
    safe-buffer "^5.1.1"

bencode@^2.0.0:
  version "2.0.1"
  resolved "https://registry.npm.taobao.org/bencode/download/bencode-2.0.1.tgz#667a6a31c5e038d558608333da6b7c94e836c85b"
  integrity sha1-ZnpqMcXgONVYYIMz2mt8lOg2yFs=
  dependencies:
    safe-buffer "^5.1.1"

bittorrent-dht@^7.10.0:
  version "7.10.0"
  resolved "https://registry.npm.taobao.org/bittorrent-dht/download/bittorrent-dht-7.10.0.tgz#c5d47ddb21b0003a4ce22b11202a505b350ac0ff"
  integrity sha1-xdR92yGwADpM4isRICpQWzUKwP8=
  dependencies:
    bencode "^1.0.0"
    buffer-equals "^1.0.3"
    debug "^3.1.0"
    inherits "^2.0.1"
    k-bucket "^3.3.0"
    k-rpc "^4.2.1"
    lru "^3.1.0"
    randombytes "^2.0.5"
    safe-buffer "^5.0.1"
    simple-sha1 "^2.1.0"

buffer-equals@^1.0.3:
  version "1.0.4"
  resolved "https://registry.npm.taobao.org/buffer-equals/download/buffer-equals-1.0.4.tgz#0353b54fd07fd9564170671ae6f66b9cf10d27f5"
  integrity sha1-A1O1T9B/2VZBcGca5vZrnPENJ/U=

buffer-from@^1.0.0:
  version "1.1.1"
  resolved "https://registry.npm.taobao.org/buffer-from/download/buffer-from-1.1.1.tgz#32713bc028f75c02fdb710d7c7bcec1f2c6070ef"
  integrity sha1-MnE7wCj3XAL9txDXx7zsHyxgcO8=

chrome-dgram@^3.0.2:
  version "3.0.5"
  resolved "https://registry.npm.taobao.org/chrome-dgram/download/chrome-dgram-3.0.5.tgz#7cf0d2567706e413eb9133da584aa9cb9d10da6a"
  integrity sha1-fPDSVncG5BPrkTPaWEqpy50Q2mo=
  dependencies:
    inherits "^2.0.1"
    run-series "^1.1.2"

chrome-dns@^1.0.0:
  version "1.0.1"
  resolved "https://registry.npm.taobao.org/chrome-dns/download/chrome-dns-1.0.1.tgz#6870af680a40d2c4b2efc2154a378793f5a4ce4b"
  integrity sha1-aHCvaApA0sSy78IVSjeHk/Wkzks=
  dependencies:
    chrome-net "^3.3.2"

chrome-net@^3.3.2:
  version "3.3.4"
  resolved "https://registry.npm.taobao.org/chrome-net/download/chrome-net-3.3.4.tgz#0e604a31d226ebfb8d2d1c381cab47d35309825d"
  integrity sha1-DmBKMdIm6/uNLRw4HKtH01MJgl0=
  dependencies:
    inherits "^2.0.1"

circular-append-file@^1.0.1:
  version "1.0.1"
  resolved "https://registry.npm.taobao.org/circular-append-file/download/circular-append-file-1.0.1.tgz#5d218c5b04556cd1d2eeee697691dddd206c514b"
  integrity sha1-XSGMWwRVbNHS7u5pdpHd3SBsUUs=
  dependencies:
    multistream "^2.1.0"

connections@^1.4.2:
  version "1.4.2"
  resolved "https://registry.npm.taobao.org/connections/download/connections-1.4.2.tgz#7890482bf5c71af6c5ca192be3136aed74428aad"
  integrity sha1-eJBIK/XHGvbFyhkr4xNq7XRCiq0=

core-util-is@~1.0.0:
  version "1.0.2"
  resolved "https://registry.npm.taobao.org/core-util-is/download/core-util-is-1.0.2.tgz#b5fd54220aa2bc5ab57aab7140c940754503c1a7"
  integrity sha1-tf1UIgqivFq1eqtxQMlAdUUDwac=

debug@^2.6.9:
  version "2.6.9"
  resolved "https://registry.npm.taobao.org/debug/download/debug-2.6.9.tgz#5d128515df134ff327e90a4c93f4e077a536341f"
  integrity sha1-XRKFFd8TT/Mn6QpMk/Tgd6U2NB8=
  dependencies:
    ms "2.0.0"

debug@^3.1.0:
  version "3.2.6"
  resolved "https://registry.npm.taobao.org/debug/download/debug-3.2.6.tgz#e83d17de16d8a7efb7717edbe5fb10135eee629b"
  integrity sha1-6D0X3hbYp++3cX7b5fsQE17uYps=
  dependencies:
    ms "^2.1.1"

debug@^4.1.1:
  version "4.1.1"
  resolved "https://registry.npm.taobao.org/debug/download/debug-4.1.1.tgz#3b72260255109c6b589cee050f1d516139664791"
  integrity sha1-O3ImAlUQnGtYnO4FDx1RYTlmR5E=
  dependencies:
    ms "^2.1.1"

discovery-channel@^5.5.1:
  version "5.5.1"
  resolved "https://registry.npm.taobao.org/discovery-channel/download/discovery-channel-5.5.1.tgz#9af6fc7f8cecdff40dbe4f13a49463718d4cd676"
  integrity sha1-mvb8f4zs3/QNvk8TpJRjcY1M1nY=
  dependencies:
    bittorrent-dht "^7.10.0"
    buffer-from "^1.0.0"
    debug "^2.6.9"
    dns-discovery "^6.0.1"
    pretty-hash "^1.0.1"
    thunky "^0.1.0"

discovery-swarm@^6.1.0:
  version "6.1.0"
  resolved "https://registry.npm.taobao.org/discovery-swarm/download/discovery-swarm-6.1.0.tgz#ea5d46836893b2a89d687d2a10b56a78733cee42"
  integrity sha1-6l1Gg2iTsqidaH0qELVqeHM87kI=
  dependencies:
    connections "^1.4.2"
    debug "^4.1.1"
    discovery-channel "^5.5.1"
    length-prefixed-message "^3.0.3"
    pump "^3.0.0"
    to-buffer "^1.0.1"
  optionalDependencies:
    utp-native "^2.1.3"

dns-discovery@^6.0.1:
  version "6.2.3"
  resolved "https://registry.npm.taobao.org/dns-discovery/download/dns-discovery-6.2.3.tgz#47d8bc0f639ed1f3c09897a133a96bc4106fda15"
  integrity sha1-R9i8D2Oe0fPAmJehM6lrxBBv2hU=
  dependencies:
    circular-append-file "^1.0.1"
    debug "^2.6.9"
    dns-socket "^3.0.0"
    lru "^2.0.0"
    minimist "^1.2.0"
    multicast-dns "^7.1.1"
    network-address "^1.1.2"
    pump "^3.0.0"
    speedometer "^1.0.0"
    unordered-set "^1.1.0"

dns-packet@^4.0.0, dns-packet@^4.1.0:
  version "4.2.0"
  resolved "https://registry.npm.taobao.org/dns-packet/download/dns-packet-4.2.0.tgz#3fd6f5ff5a4ec3194ed0b15312693ffe8776b343"
  integrity sha1-P9b1/1pOwxlO0LFTEmk//od2s0M=
  dependencies:
    ip "^1.1.5"
    safe-buffer "^5.1.1"

dns-socket@^3.0.0:
  version "3.0.0"
  resolved "https://registry.npm.taobao.org/dns-socket/download/dns-socket-3.0.0.tgz#3418a3c6309656ebdb3eb0a941811a4fb0b828c5"
  integrity sha1-NBijxjCWVuvbPrCpQYEaT7C4KMU=
  dependencies:
    dns-packet "^4.1.0"

end-of-stream@^1.1.0:
  version "1.4.4"
  resolved "https://registry.npm.taobao.org/end-of-stream/download/end-of-stream-1.4.4.tgz#5ae64a5f45057baf3626ec14da0ca5e4b2431eb0"
  integrity sha1-WuZKX0UFe682JuwU2gyl5LJDHrA=
  dependencies:
    once "^1.4.0"

inherits@^2.0.1, inherits@^2.0.3, inherits@~2.0.3:
  version "2.0.4"
  resolved "https://registry.npm.taobao.org/inherits/download/inherits-2.0.4.tgz#0fa2c64f932917c3433a0ded55363aae37416b7c"
  integrity sha1-D6LGT5MpF8NDOg3tVTY6rjdBa3w=

ip@^1.1.5:
  version "1.1.5"
  resolved "https://registry.npm.taobao.org/ip/download/ip-1.1.5.tgz#bdded70114290828c0a039e72ef25f5aaec4354a"
  integrity sha1-vd7XARQpCCjAoDnnLvJfWq7ENUo=

isarray@~1.0.0:
  version "1.0.0"
  resolved "https://registry.npm.taobao.org/isarray/download/isarray-1.0.0.tgz#bb935d48582cba168c06834957a54a3e07124f11"
  integrity sha1-u5NdSFgsuhaMBoNJV6VKPgcSTxE=

k-bucket@^3.3.0:
  version "3.3.1"
  resolved "https://registry.npm.taobao.org/k-bucket/download/k-bucket-3.3.1.tgz#de219f00b310ca17fdd7e2790a077d78b70d92c8"
  integrity sha1-3iGfALMQyhf91+J5Cgd9eLcNksg=
  dependencies:
    buffer-equals "^1.0.3"
    inherits "^2.0.1"
    randombytes "^2.0.3"

k-bucket@^4.0.0:
  version "4.0.1"
  resolved "https://registry.npm.taobao.org/k-bucket/download/k-bucket-4.0.1.tgz#3fc2e5693f0b7bff90d7b6b476edd6087955d542"
  integrity sha1-P8LlaT8Le/+Q17a0du3WCHlV1UI=
  dependencies:
    inherits "^2.0.1"
    randombytes "^2.0.3"

k-rpc-socket@^1.7.2:
  version "1.11.1"
  resolved "https://registry.npm.taobao.org/k-rpc-socket/download/k-rpc-socket-1.11.1.tgz#f14b4b240a716c6cad7b6434b21716dbd7c7b0e8"
  integrity sha1-8UtLJApxbGyte2Q0shcW29fHsOg=
  dependencies:
    bencode "^2.0.0"
    chrome-dgram "^3.0.2"
    chrome-dns "^1.0.0"
    chrome-net "^3.3.2"

k-rpc@^4.2.1:
  version "4.3.1"
  resolved "https://registry.npm.taobao.org/k-rpc/download/k-rpc-4.3.1.tgz#e2b86376c773d5919b4d3c02b9aae435fee7b318"
  integrity sha1-4rhjdsdz1ZGbTTwCuarkNf7nsxg=
  dependencies:
    buffer-equals "^1.0.3"
    k-bucket "^4.0.0"
    k-rpc-socket "^1.7.2"
    randombytes "^2.0.5"
    safe-buffer "^5.1.1"

length-prefixed-message@^3.0.3:
  version "3.0.4"
  resolved "https://registry.npm.taobao.org/length-prefixed-message/download/length-prefixed-message-3.0.4.tgz#a932b1aa59793079a2a5e9d1c016576610586243"
  integrity sha1-qTKxqll5MHmipenRwBZXZhBYYkM=
  dependencies:
    varint "^3.0.1"

lru@^2.0.0:
  version "2.0.1"
  resolved "https://registry.npm.taobao.org/lru/download/lru-2.0.1.tgz#f979871e162e3f5ca254be46844c53d4c5364544"
  integrity sha1-+XmHHhYuP1yiVL5GhExT1MU2RUQ=
  dependencies:
    inherits "^2.0.1"

lru@^3.1.0:
  version "3.1.0"
  resolved "https://registry.npm.taobao.org/lru/download/lru-3.1.0.tgz#ea7fb8546d83733396a13091d76cfeb4c06837d5"
  integrity sha1-6n+4VG2DczOWoTCR12z+tMBoN9U=
  dependencies:
    inherits "^2.0.1"

minimist@^1.2.0:
  version "1.2.5"
  resolved "https://registry.npm.taobao.org/minimist/download/minimist-1.2.5.tgz#67d66014b66a6a8aaa0c083c5fd58df4e4e97602"
  integrity sha1-Z9ZgFLZqaoqqDAg8X9WN9OTpdgI=

ms@2.0.0:
  version "2.0.0"
  resolved "https://registry.npm.taobao.org/ms/download/ms-2.0.0.tgz#5608aeadfc00be6c2901df5f9861788de0d597c8"
  integrity sha1-VgiurfwAvmwpAd9fmGF4jeDVl8g=

ms@^2.1.1:
  version "2.1.2"
  resolved "https://registry.npm.taobao.org/ms/download/ms-2.1.2.tgz#d09d1f357b443f493382a8eb3ccd183872ae6009"
  integrity sha1-0J0fNXtEP0kzgqjrPM0YOHKuYAk=

multicast-dns@^7.1.1:
  version "7.2.2"
  resolved "https://registry.npm.taobao.org/multicast-dns/download/multicast-dns-7.2.2.tgz#5731da04f47d1e435ac457e5ac7b4b39d866a5a1"
  integrity sha1-VzHaBPR9HkNaxFflrHtLOdhmpaE=
  dependencies:
    dns-packet "^4.0.0"
    thunky "^1.0.2"

multistream@^2.1.0:
  version "2.1.1"
  resolved "https://registry.npm.taobao.org/multistream/download/multistream-2.1.1.tgz#629d3a29bd76623489980d04519a2c365948148c"
  integrity sha1-Yp06Kb12YjSJmA0EUZosNllIFIw=
  dependencies:
    inherits "^2.0.1"
    readable-stream "^2.0.5"

napi-macros@^2.0.0:
  version "2.0.0"
  resolved "https://registry.npm.taobao.org/napi-macros/download/napi-macros-2.0.0.tgz#2b6bae421e7b96eb687aa6c77a7858640670001b"
  integrity sha1-K2uuQh57lutoeqbHenhYZAZwABs=

network-address@^1.1.2:
  version "1.1.2"
  resolved "https://registry.npm.taobao.org/network-address/download/network-address-1.1.2.tgz#4aa7bfd43f03f0b81c9702b13d6a858ddb326f3e"
  integrity sha1-Sqe/1D8D8LgclwKxPWqFjdsybz4=

node-gyp-build@^4.2.0:
  version "4.2.2"
  resolved "https://registry.npm.taobao.org/node-gyp-build/download/node-gyp-build-4.2.2.tgz#3f44b65adaafd42fb6c3d81afd630e45c847eb66"
  integrity sha1-P0S2Wtqv1C+2w9ga/WMORchH62Y=

once@^1.3.1, once@^1.4.0:
  version "1.4.0"
  resolved "https://registry.npm.taobao.org/once/download/once-1.4.0.tgz#583b1aa775961d4b113ac17d9c50baef9dd76bd1"
  integrity sha1-WDsap3WWHUsROsF9nFC6753Xa9E=
  dependencies:
    wrappy "1"

pretty-hash@^1.0.1:
  version "1.0.1"
  resolved "https://registry.npm.taobao.org/pretty-hash/download/pretty-hash-1.0.1.tgz#16e0579188def56bdb565892bcd05a5d65324807"
  integrity sha1-FuBXkYje9WvbVliSvNBaXWUySAc=

process-nextick-args@~2.0.0:
  version "2.0.1"
  resolved "https://registry.npm.taobao.org/process-nextick-args/download/process-nextick-args-2.0.1.tgz#7820d9b16120cc55ca9ae7792680ae7dba6d7fe2"
  integrity sha1-eCDZsWEgzFXKmud5JoCufbptf+I=

pump@^3.0.0:
  version "3.0.0"
  resolved "https://registry.npm.taobao.org/pump/download/pump-3.0.0.tgz#b4a2116815bde2f4e1ea602354e8c75565107a64"
  integrity sha1-tKIRaBW94vTh6mAjVOjHVWUQemQ=
  dependencies:
    end-of-stream "^1.1.0"
    once "^1.3.1"

randombytes@^2.0.3, randombytes@^2.0.5:
  version "2.1.0"
  resolved "https://registry.npm.taobao.org/randombytes/download/randombytes-2.1.0.tgz#df6f84372f0270dc65cdf6291349ab7a473d4f2a"
  integrity sha1-32+ENy8CcNxlzfYpE0mrekc9Tyo=
  dependencies:
    safe-buffer "^5.1.0"

readable-stream@^2.0.5:
  version "2.3.7"
  resolved "https://registry.npm.taobao.org/readable-stream/download/readable-stream-2.3.7.tgz#1eca1cf711aef814c04f62252a36a62f6cb23b57"
  integrity sha1-Hsoc9xGu+BTAT2IlKjamL2yyO1c=
  dependencies:
    core-util-is "~1.0.0"
    inherits "~2.0.3"
    isarray "~1.0.0"
    process-nextick-args "~2.0.0"
    safe-buffer "~5.1.1"
    string_decoder "~1.1.1"
    util-deprecate "~1.0.1"

readable-stream@^3.0.2:
  version "3.6.0"
  resolved "https://registry.npm.taobao.org/readable-stream/download/readable-stream-3.6.0.tgz#337bbda3adc0706bd3e024426a286d4b4b2c9198"
  integrity sha1-M3u9o63AcGvT4CRCaihtS0sskZg=
  dependencies:
    inherits "^2.0.3"
    string_decoder "^1.1.1"
    util-deprecate "^1.0.1"

run-series@^1.1.2:
  version "1.1.8"
  resolved "https://registry.npm.taobao.org/run-series/download/run-series-1.1.8.tgz#2c4558f49221e01cd6371ff4e0a1e203e460fc36"
  integrity sha1-LEVY9JIh4BzWNx/04KHiA+Rg/DY=

rusha@^0.8.1:
  version "0.8.13"
  resolved "https://registry.npm.taobao.org/rusha/download/rusha-0.8.13.tgz#9a084e7b860b17bff3015b92c67a6a336191513a"
  integrity sha1-mghOe4YLF7/zAVuSxnpqM2GRUTo=

safe-buffer@^5.0.1, safe-buffer@^5.1.0, safe-buffer@^5.1.1, safe-buffer@~5.2.0:
  version "5.2.1"
  resolved "https://registry.npm.taobao.org/safe-buffer/download/safe-buffer-5.2.1.tgz?cache=0&sync_timestamp=1589129010497&other_urls=https%3A%2F%2Fregistry.npm.taobao.org%2Fsafe-buffer%2Fdownload%2Fsafe-buffer-5.2.1.tgz#1eaf9fa9bdb1fdd4ec75f58f9cdb4e6b7827eec6"
  integrity sha1-Hq+fqb2x/dTsdfWPnNtOa3gn7sY=

safe-buffer@~5.1.0, safe-buffer@~5.1.1:
  version "5.1.2"
  resolved "https://registry.npm.taobao.org/safe-buffer/download/safe-buffer-5.1.2.tgz?cache=0&sync_timestamp=1589129010497&other_urls=https%3A%2F%2Fregistry.npm.taobao.org%2Fsafe-buffer%2Fdownload%2Fsafe-buffer-5.1.2.tgz#991ec69d296e0313747d59bdfd2b745c35f8828d"
  integrity sha1-mR7GnSluAxN0fVm9/St0XDX4go0=

simple-sha1@^2.1.0:
  version "2.1.2"
  resolved "https://registry.npm.taobao.org/simple-sha1/download/simple-sha1-2.1.2.tgz#de40cbd5aae278fde8e3bb3250a35d74c67326b1"
  integrity sha1-3kDL1arieP3o47syUKNddMZzJrE=
  dependencies:
    rusha "^0.8.1"

speedometer@^1.0.0:
  version "1.1.0"
  resolved "https://registry.npm.taobao.org/speedometer/download/speedometer-1.1.0.tgz#a30b13abda45687a1a76977012c060f2ac8a7934"
  integrity sha1-owsTq9pFaHoadpdwEsBg8qyKeTQ=

string_decoder@^1.1.1:
  version "1.3.0"
  resolved "https://registry.npm.taobao.org/string_decoder/download/string_decoder-1.3.0.tgz#42f114594a46cf1a8e30b0a84f56c78c3edac21e"
  integrity sha1-QvEUWUpGzxqOMLCoT1bHjD7awh4=
  dependencies:
    safe-buffer "~5.2.0"

string_decoder@~1.1.1:
  version "1.1.1"
  resolved "https://registry.npm.taobao.org/string_decoder/download/string_decoder-1.1.1.tgz#9cf1611ba62685d7030ae9e4ba34149c3af03fc8"
  integrity sha1-nPFhG6YmhdcDCunkujQUnDrwP8g=
  dependencies:
    safe-buffer "~5.1.0"

thunky@^0.1.0:
  version "0.1.0"
  resolved "https://registry.npm.taobao.org/thunky/download/thunky-0.1.0.tgz#bf30146824e2b6e67b0f2d7a4ac8beb26908684e"
  integrity sha1-vzAUaCTituZ7Dy16Ssi+smkIaE4=

thunky@^1.0.2:
  version "1.1.0"
  resolved "https://registry.npm.taobao.org/thunky/download/thunky-1.1.0.tgz#5abaf714a9405db0504732bbccd2cedd9ef9537d"
  integrity sha1-Wrr3FKlAXbBQRzK7zNLO3Z75U30=

timeout-refresh@^1.0.0:
  version "1.0.2"
  resolved "https://registry.npm.taobao.org/timeout-refresh/download/timeout-refresh-1.0.2.tgz#3fee27c3543f96268816fb68a8cec132be239693"
  integrity sha1-P+4nw1Q/liaIFvtoqM7BMr4jlpM=

to-buffer@^1.0.1:
  version "1.1.1"
  resolved "https://registry.npm.taobao.org/to-buffer/download/to-buffer-1.1.1.tgz#493bd48f62d7c43fcded313a03dcadb2e1213a80"
  integrity sha1-STvUj2LXxD/N7TE6A9ytsuEhOoA=

typescript@^3.9.5:
  version "3.9.5"
  resolved "https://registry.npm.taobao.org/typescript/download/typescript-3.9.5.tgz?cache=0&sync_timestamp=1591341387964&other_urls=https%3A%2F%2Fregistry.npm.taobao.org%2Ftypescript%2Fdownload%2Ftypescript-3.9.5.tgz#586f0dba300cde8be52dd1ac4f7e1009c1b13f36"
  integrity sha1-WG8NujAM3ovlLdGsT34QCcGxPzY=

unordered-set@^1.1.0:
  version "1.1.0"
  resolved "https://registry.npm.taobao.org/unordered-set/download/unordered-set-1.1.0.tgz#2ba7ef316edd0b9590cc547c74f76a2f164fecca"
  integrity sha1-K6fvMW7dC5WQzFR8dPdqLxZP7Mo=

unordered-set@^2.0.1:
  version "2.0.1"
  resolved "https://registry.npm.taobao.org/unordered-set/download/unordered-set-2.0.1.tgz#4cd0fe27b8814bcf5d6073e5f0966ec7a50841e6"
  integrity sha1-TND+J7iBS89dYHPl8JZux6UIQeY=

util-deprecate@^1.0.1, util-deprecate@~1.0.1:
  version "1.0.2"
  resolved "https://registry.npm.taobao.org/util-deprecate/download/util-deprecate-1.0.2.tgz#450d4dc9fa70de732762fbd2d4a28981419a0ccf"
  integrity sha1-RQ1Nyfpw3nMnYvvS1KKJgUGaDM8=

utp-native@^2.1.3:
  version "2.1.10"
  resolved "https://registry.npm.taobao.org/utp-native/download/utp-native-2.1.10.tgz#7bea315d71478a5c9466cf3ee7f7bd2b09c66a2c"
  integrity sha1-e+oxXXFHilyUZs8+5/e9KwnGaiw=
  dependencies:
    napi-macros "^2.0.0"
    node-gyp-build "^4.2.0"
    readable-stream "^3.0.2"
    timeout-refresh "^1.0.0"
    unordered-set "^2.0.1"

varint@^3.0.1:
  version "3.0.1"
  resolved "https://registry.npm.taobao.org/varint/download/varint-3.0.1.tgz#9d3f53e036c0ab12000a74bc2d24cbf093a581d9"
  integrity sha1-nT9T4DbAqxIACnS8LSTL8JOlgdk=

wrappy@1:
  version "1.0.2"
  resolved "https://registry.npm.taobao.org/wrappy/download/wrappy-1.0.2.tgz#b5243d8f3ec1aa35f1364605bc0d1036e30ab69f"
  integrity sha1-tSQ9jz7BqjXxNkYFvA0QNuMKtp8=
